
Microsoft Visual Studio Solution File, Format Version 12.00
# Visual Studio Version 16
VisualStudioVersion = 16.0.32630.194
MinimumVisualStudioVersion = 10.0.40219.1
Project("{FAE04EC0-301F-11D3-BF4B-00C04F79EFBC}") = "Registro", "Registro.csproj", "{E9EF623F-28CF-41E5-A51E-B03B956D7BFF}"
EndProject
Global
	GlobalSection(SolutionConfigurationPlatforms) = preSolution
		Debug|Any CPU = Debug|Any CPU
		Release|Any CPU = Release|Any CPU
	EndGlobalSection
	GlobalSection(ProjectConfigurationPlatforms) = postSolution
		{E9EF623F-28CF-41E5-A51E-B03B956D7BFF}.Debug|Any CPU.ActiveCfg = Debug|Any CPU
		{E9EF623F-28CF-41E5-A51E-B03B956D7BFF}.Debug|Any CPU.Build.0 = Debug|Any CPU
		{E9EF623F-28CF-41E5-A51E-B03B956D7BFF}.Release|Any CPU.ActiveCfg = Release|Any CPU
		{E9EF623F-28CF-41E5-A51E-B03B956D7BFF}.Release|Any CPU.Build.0 = Release|Any CPU
	EndGlobalSection
	GlobalSection(SolutionProperties) = preSolution
		HideSolutionNode = FALSE
	EndGlobalSection
	GlobalSection(ExtensibilityGlobals) = postSolution
		SolutionGuid = {882305A3-DB1B-4115-949A-939075705921}
	EndGlobalSection
EndGlobal
